Microsoft Visual Studio Solution File, Format Version 12.00
# Visual Studio 2012
Project("{FAE04EC0-301F-11D3-BF4B-00C04F79EFBC}") = "Castle Defense", "Castle Defense.csproj", "{7E229514-98D5-4A77-BBA6-EAD7ED13E1DF}"
EndProject
Project("{FAE04EC0-301F-11D3-BF4B-00C04F79EFBC}") = "Castle Defense.Tests", "..\Castle Defense.Tests\Castle Defense.Tests.csproj", "{D63A1049-38EB-4CA8-94C1-9ACD7ED92688}"
EndProject
Global
	GlobalSection(SolutionConfigurationPlatforms) = preSolution
	Debug|Any CPU = Debug|Any CPU
	ExportDebug|Any CPU = ExportDebug|Any CPU
	ExportRelease|Any CPU = ExportRelease|Any CPU
	EndGlobalSection
	GlobalSection(ProjectConfigurationPlatforms) = postSolution
		{7E229514-98D5-4A77-BBA6-EAD7ED13E1DF}.Debug|Any CPU.ActiveCfg = Debug|Any CPU
		{7E229514-98D5-4A77-BBA6-EAD7ED13E1DF}.Debug|Any CPU.Build.0 = Debug|Any CPU
		{7E229514-98D5-4A77-BBA6-EAD7ED13E1DF}.ExportDebug|Any CPU.ActiveCfg = ExportDebug|Any CPU
		{7E229514-98D5-4A77-BBA6-EAD7ED13E1DF}.ExportDebug|Any CPU.Build.0 = ExportDebug|Any CPU
		{7E229514-98D5-4A77-BBA6-EAD7ED13E1DF}.ExportRelease|Any CPU.ActiveCfg = ExportRelease|Any CPU
		{7E229514-98D5-4A77-BBA6-EAD7ED13E1DF}.ExportRelease|Any CPU.Build.0 = ExportRelease|Any CPU
		{D63A1049-38EB-4CA8-94C1-9ACD7ED92688}.Debug|Any CPU.ActiveCfg = Debug|Any CPU
		{D63A1049-38EB-4CA8-94C1-9ACD7ED92688}.Debug|Any CPU.Build.0 = Debug|Any CPU
		{D63A1049-38EB-4CA8-94C1-9ACD7ED92688}.ExportDebug|Any CPU.ActiveCfg = Debug|Any CPU
		{D63A1049-38EB-4CA8-94C1-9ACD7ED92688}.ExportDebug|Any CPU.Build.0 = Debug|Any CPU
		{D63A1049-38EB-4CA8-94C1-9ACD7ED92688}.ExportRelease|Any CPU.ActiveCfg = Debug|Any CPU
		{D63A1049-38EB-4CA8-94C1-9ACD7ED92688}.ExportRelease|Any CPU.Build.0 = Debug|Any CPU
	EndGlobalSection
EndGlobal
